# THIS IS AN AUTOGENERATED FILE. DO NOT EDIT THIS FILE DIRECTLY.
# yarn lockfile v1


"@esbuild/android-arm64@0.16.17":
  version "0.16.17"
  resolved "https://registry.yarnpkg.com/@esbuild/android-arm64/-/android-arm64-0.16.17.tgz#cf91e86df127aa3d141744edafcba0abdc577d23"
  integrity sha512-MIGl6p5sc3RDTLLkYL1MyL8BMRN4tLMRCn+yRJJmEDvYZ2M7tmAf80hx1kbNEUX2KJ50RRtxZ4JHLvCfuB6kBg==

"@esbuild/android-arm@0.16.17":
  version "0.16.17"
  resolved "https://registry.yarnpkg.com/@esbuild/android-arm/-/android-arm-0.16.17.tgz#025b6246d3f68b7bbaa97069144fb5fb70f2fff2"
  integrity sha512-N9x1CMXVhtWEAMS7pNNONyA14f71VPQN9Cnavj1XQh6T7bskqiLLrSca4O0Vr8Wdcga943eThxnVp3JLnBMYtw==

"@esbuild/android-x64@0.16.17":
  version "0.16.17"
  resolved "https://registry.yarnpkg.com/@esbuild/android-x64/-/android-x64-0.16.17.tgz#c820e0fef982f99a85c4b8bfdd582835f04cd96e"
  integrity sha512-a3kTv3m0Ghh4z1DaFEuEDfz3OLONKuFvI4Xqczqx4BqLyuFaFkuaG4j2MtA6fuWEFeC5x9IvqnX7drmRq/fyAQ==

"@esbuild/darwin-arm64@0.16.17":
  version "0.16.17"
  resolved "https://registry.yarnpkg.com/@esbuild/darwin-arm64/-/darwin-arm64-0.16.17.tgz#edef4487af6b21afabba7be5132c26d22379b220"
  integrity sha512-/2agbUEfmxWHi9ARTX6OQ/KgXnOWfsNlTeLcoV7HSuSTv63E4DqtAc+2XqGw1KHxKMHGZgbVCZge7HXWX9Vn+w==

"@esbuild/darwin-x64@0.16.17":
  version "0.16.17"
  resolved "https://registry.yarnpkg.com/@esbuild/darwin-x64/-/darwin-x64-0.16.17.tgz#42829168730071c41ef0d028d8319eea0e2904b4"
  integrity sha512-2By45OBHulkd9Svy5IOCZt376Aa2oOkiE9QWUK9fe6Tb+WDr8hXL3dpqi+DeLiMed8tVXspzsTAvd0jUl96wmg==

"@esbuild/freebsd-arm64@0.16.17":
  version "0.16.17"
  resolved "https://registry.yarnpkg.com/@esbuild/freebsd-arm64/-/freebsd-arm64-0.16.17.tgz#1f4af488bfc7e9ced04207034d398e793b570a27"
  integrity sha512-mt+cxZe1tVx489VTb4mBAOo2aKSnJ33L9fr25JXpqQqzbUIw/yzIzi+NHwAXK2qYV1lEFp4OoVeThGjUbmWmdw==

"@esbuild/freebsd-x64@0.16.17":
  version "0.16.17"
  resolved "https://registry.yarnpkg.com/@esbuild/freebsd-x64/-/freebsd-x64-0.16.17.tgz#636306f19e9bc981e06aa1d777302dad8fddaf72"
  integrity sha512-8ScTdNJl5idAKjH8zGAsN7RuWcyHG3BAvMNpKOBaqqR7EbUhhVHOqXRdL7oZvz8WNHL2pr5+eIT5c65kA6NHug==

"@esbuild/linux-arm64@0.16.17":
  version "0.16.17"
  resolved "https://registry.yarnpkg.com/@esbuild/linux-arm64/-/linux-arm64-0.16.17.tgz#a003f7ff237c501e095d4f3a09e58fc7b25a4aca"
  integrity sha512-7S8gJnSlqKGVJunnMCrXHU9Q8Q/tQIxk/xL8BqAP64wchPCTzuM6W3Ra8cIa1HIflAvDnNOt2jaL17vaW+1V0g==

"@esbuild/linux-arm@0.16.17":
  version "0.16.17"
  resolved "https://registry.yarnpkg.com/@esbuild/linux-arm/-/linux-arm-0.16.17.tgz#b591e6a59d9c4fe0eeadd4874b157ab78cf5f196"
  integrity sha512-iihzrWbD4gIT7j3caMzKb/RsFFHCwqqbrbH9SqUSRrdXkXaygSZCZg1FybsZz57Ju7N/SHEgPyaR0LZ8Zbe9gQ==

"@esbuild/linux-ia32@0.16.17":
  version "0.16.17"
  resolved "https://registry.yarnpkg.com/@esbuild/linux-ia32/-/linux-ia32-0.16.17.tgz#24333a11027ef46a18f57019450a5188918e2a54"
  integrity sha512-kiX69+wcPAdgl3Lonh1VI7MBr16nktEvOfViszBSxygRQqSpzv7BffMKRPMFwzeJGPxcio0pdD3kYQGpqQ2SSg==

"@esbuild/linux-loong64@0.16.17":
  version "0.16.17"
  resolved "https://registry.yarnpkg.com/@esbuild/linux-loong64/-/linux-loong64-0.16.17.tgz#d5ad459d41ed42bbd4d005256b31882ec52227d8"
  integrity sha512-dTzNnQwembNDhd654cA4QhbS9uDdXC3TKqMJjgOWsC0yNCbpzfWoXdZvp0mY7HU6nzk5E0zpRGGx3qoQg8T2DQ==

"@esbuild/linux-mips64el@0.16.17":
  version "0.16.17"
  resolved "https://registry.yarnpkg.com/@esbuild/linux-mips64el/-/linux-mips64el-0.16.17.tgz#4e5967a665c38360b0a8205594377d4dcf9c3726"
  integrity sha512-ezbDkp2nDl0PfIUn0CsQ30kxfcLTlcx4Foz2kYv8qdC6ia2oX5Q3E/8m6lq84Dj/6b0FrkgD582fJMIfHhJfSw==

"@esbuild/linux-ppc64@0.16.17":
  version "0.16.17"
  resolved "https://registry.yarnpkg.com/@esbuild/linux-ppc64/-/linux-ppc64-0.16.17.tgz#206443a02eb568f9fdf0b438fbd47d26e735afc8"
  integrity sha512-dzS678gYD1lJsW73zrFhDApLVdM3cUF2MvAa1D8K8KtcSKdLBPP4zZSLy6LFZ0jYqQdQ29bjAHJDgz0rVbLB3g==

"@esbuild/linux-riscv64@0.16.17":
  version "0.16.17"
  resolved "https://registry.yarnpkg.com/@esbuild/linux-riscv64/-/linux-riscv64-0.16.17.tgz#c351e433d009bf256e798ad048152c8d76da2fc9"
  integrity sha512-ylNlVsxuFjZK8DQtNUwiMskh6nT0vI7kYl/4fZgV1llP5d6+HIeL/vmmm3jpuoo8+NuXjQVZxmKuhDApK0/cKw==

"@esbuild/linux-s390x@0.16.17":
  version "0.16.17"
  resolved "https://registry.yarnpkg.com/@esbuild/linux-s390x/-/linux-s390x-0.16.17.tgz#661f271e5d59615b84b6801d1c2123ad13d9bd87"
  integrity sha512-gzy7nUTO4UA4oZ2wAMXPNBGTzZFP7mss3aKR2hH+/4UUkCOyqmjXiKpzGrY2TlEUhbbejzXVKKGazYcQTZWA/w==

"@esbuild/linux-x64@0.16.17":
  version "0.16.17"
  resolved "https://registry.yarnpkg.com/@esbuild/linux-x64/-/linux-x64-0.16.17.tgz#e4ba18e8b149a89c982351443a377c723762b85f"
  integrity sha512-mdPjPxfnmoqhgpiEArqi4egmBAMYvaObgn4poorpUaqmvzzbvqbowRllQ+ZgzGVMGKaPkqUmPDOOFQRUFDmeUw==

"@esbuild/netbsd-x64@0.16.17":
  version "0.16.17"
  resolved "https://registry.yarnpkg.com/@esbuild/netbsd-x64/-/netbsd-x64-0.16.17.tgz#7d4f4041e30c5c07dd24ffa295c73f06038ec775"
  integrity sha512-/PzmzD/zyAeTUsduZa32bn0ORug+Jd1EGGAUJvqfeixoEISYpGnAezN6lnJoskauoai0Jrs+XSyvDhppCPoKOA==

"@esbuild/openbsd-x64@0.16.17":
  version "0.16.17"
  resolved "https://registry.yarnpkg.com/@esbuild/openbsd-x64/-/openbsd-x64-0.16.17.tgz#970fa7f8470681f3e6b1db0cc421a4af8060ec35"
  integrity sha512-2yaWJhvxGEz2RiftSk0UObqJa/b+rIAjnODJgv2GbGGpRwAfpgzyrg1WLK8rqA24mfZa9GvpjLcBBg8JHkoodg==

"@esbuild/sunos-x64@0.16.17":
  version "0.16.17"
  resolved "https://registry.yarnpkg.com/@esbuild/sunos-x64/-/sunos-x64-0.16.17.tgz#abc60e7c4abf8b89fb7a4fe69a1484132238022c"
  integrity sha512-xtVUiev38tN0R3g8VhRfN7Zl42YCJvyBhRKw1RJjwE1d2emWTVToPLNEQj/5Qxc6lVFATDiy6LjVHYhIPrLxzw==

"@esbuild/win32-arm64@0.16.17":
  version "0.16.17"
  resolved "https://registry.yarnpkg.com/@esbuild/win32-arm64/-/win32-arm64-0.16.17.tgz#7b0ff9e8c3265537a7a7b1fd9a24e7bd39fcd87a"
  integrity sha512-ga8+JqBDHY4b6fQAmOgtJJue36scANy4l/rL97W+0wYmijhxKetzZdKOJI7olaBaMhWt8Pac2McJdZLxXWUEQw==

"@esbuild/win32-ia32@0.16.17":
  version "0.16.17"
  resolved "https://registry.yarnpkg.com/@esbuild/win32-ia32/-/win32-ia32-0.16.17.tgz#e90fe5267d71a7b7567afdc403dfd198c292eb09"
  integrity sha512-WnsKaf46uSSF/sZhwnqE4L/F89AYNMiD4YtEcYekBt9Q7nj0DiId2XH2Ng2PHM54qi5oPrQ8luuzGszqi/veig==

"@esbuild/win32-x64@0.16.17":
  version "0.16.17"
  resolved "https://registry.yarnpkg.com/@esbuild/win32-x64/-/win32-x64-0.16.17.tgz#c5a1a4bfe1b57f0c3e61b29883525c6da3e5c091"
  integrity sha512-y+EHuSchhL7FjHgvQL/0fnnFmO4T1bhvWANX6gcnqTjtnKWbTvUMCpGnv2+t+31d7RzyEAYAd4u2fnIhHL6N/Q==

"@swc/core-darwin-arm64@1.3.39":
  version "1.3.39"
  resolved "https://registry.yarnpkg.com/@swc/core-darwin-arm64/-/core-darwin-arm64-1.3.39.tgz#7c6e87dc8b27ce406eeb5d5cd39bde9fe06f416c"
  integrity sha512-qYR47BEfUvK1WRAP/LVbHakCo4mcksgDjRutJbkx3maTgHlSGYQKCQo7hz+or+n3cbR2abY0rFEgoCLjZctGOw==

"@swc/core-darwin-x64@1.3.39":
  version "1.3.39"
  resolved "https://registry.yarnpkg.com/@swc/core-darwin-x64/-/core-darwin-x64-1.3.39.tgz#709f269e2af553b16d35a702c90553ef0af3e400"
  integrity sha512-kqJ8OleY/y3S+HXnZxDWFVbKpRsb7gZDZr6Pksr8tzFba/6pLkZFBxds/zgfWIlUwri2Lcx0X872MJ46ghwv9w==

"@swc/core-linux-arm-gnueabihf@1.3.39":
  version "1.3.39"
  resolved "https://registry.yarnpkg.com/@swc/core-linux-arm-gnueabihf/-/core-linux-arm-gnueabihf-1.3.39.tgz#04e83e963ecf42228994bee3028f74b17a871456"
  integrity sha512-+c3A2BV0esPNHn/KKMqP+bphUF86sVKUIaxn5tKMDrnO8ckOpEMbJ+SwzYLtwC9JIYjWwryg/0yvWrdma26Irw==

"@swc/core-linux-arm64-gnu@1.3.39":
  version "1.3.39"
  resolved "https://registry.yarnpkg.com/@swc/core-linux-arm64-gnu/-/core-linux-arm64-gnu-1.3.39.tgz#fae7fa25a1b22ea51ce53d9982ffbb17c99f7071"
  integrity sha512-IRrfft7ANk3NR0qX6bXbfkqbT+WR0TMvgODQdZAtRQIt5ERFpdhcnYc4tlJzfV23R0Ek3kpdA8Gduj4tHk0K6w==

"@swc/core-linux-arm64-musl@1.3.39":
  version "1.3.39"
  resolved "https://registry.yarnpkg.com/@swc/core-linux-arm64-musl/-/core-linux-arm64-musl-1.3.39.tgz#74544b4fe31c708e5baad73a6ca52c6f9de4b4c1"
  integrity sha512-N8tnynqBdRzY8m2blPAnLUtaln0m8gb96q6ipnY+XoHQ3Z6uZoUq8jWAeFDhD+MCzM7qD2HyBDN7sEqiwMRO/g==

"@swc/core-linux-x64-gnu@1.3.39":
  version "1.3.39"
  resolved "https://registry.yarnpkg.com/@swc/core-linux-x64-gnu/-/core-linux-x64-gnu-1.3.39.tgz#8b8345d7080dbbda3e673ce21419bae4fc7cd214"
  integrity sha512-Jif56kWHOjQexCib4FVbGeUcBUc56cgNW7ELEKAUCID70z20JHMVTd5utcmfi1L9tywGMvfzqD5z+NQtrFV8GQ==

"@swc/core-linux-x64-musl@1.3.39":
  version "1.3.39"
  resolved "https://registry.yarnpkg.com/@swc/core-linux-x64-musl/-/core-linux-x64-musl-1.3.39.tgz#70d00f78ec1695b8d6581b0a885ac9ba1bca3867"
  integrity sha512-ZiGERr/mdsEwfSiWn2Qokd8a4TTJkLVta6Nan39Bozo6J789u4uDF9Cj5TWWMSanHYAK/oRDaUm1yo2/DSecAA==

"@swc/core-win32-arm64-msvc@1.3.39":
  version "1.3.39"
  resolved "https://registry.yarnpkg.com/@swc/core-win32-arm64-msvc/-/core-win32-arm64-msvc-1.3.39.tgz#9f35782f008a722f8ae230766e16e426f2b146f9"
  integrity sha512-eUAk12LZ6RQHhe0ikZZsi0CPbRA6qsvoNQQ/6uwVF60CT0UnJrLiX3w3q30aXK3WjVR6uUlVEn7ze5t7HUeGyQ==

"@swc/core-win32-ia32-msvc@1.3.39":
  version "1.3.39"
  resolved "https://registry.yarnpkg.com/@swc/core-win32-ia32-msvc/-/core-win32-ia32-msvc-1.3.39.tgz#3964c477d542ac41990c8cb12558d6f616cc3d64"
  integrity sha512-c3MIt+0gvZD0hmPOyoIJtdgx1ubP7E+uUnljw2+Nk8rO6qhIrWI08tWRNbT0HNLXHfHhKMJHvSAg3DGW8vG3Rg==

"@swc/core-win32-x64-msvc@1.3.39":
  version "1.3.39"
  resolved "https://registry.yarnpkg.com/@swc/core-win32-x64-msvc/-/core-win32-x64-msvc-1.3.39.tgz#81344093a5e4b4e24894b1abcf35689f3838b5c2"
  integrity sha512-c4xGToLavhHjrE0Um0GyXCilL3sKNRP71GgQTVvqTFHxMmdUCBdug28olMDE1gYsCqXHaF6rPtg3QmD6dhTzKQ==

"@swc/core@^1.3.35":
  version "1.3.39"
  resolved "https://registry.yarnpkg.com/@swc/core/-/core-1.3.39.tgz#c59f92dc116cf32a08d788aa5e0ce7eb856e3d40"
  integrity sha512-r5oIySPo2OkC14+gmhK5H1HnDEgOvj5kx6Ogxa+Og7KyWIHE8l1JjjW+4wzYdjxtdhRjVRhvoI6mPQNQz/btBg==
  optionalDependencies:
    "@swc/core-darwin-arm64" "1.3.39"
    "@swc/core-darwin-x64" "1.3.39"
    "@swc/core-linux-arm-gnueabihf" "1.3.39"
    "@swc/core-linux-arm64-gnu" "1.3.39"
    "@swc/core-linux-arm64-musl" "1.3.39"
    "@swc/core-linux-x64-gnu" "1.3.39"
    "@swc/core-linux-x64-musl" "1.3.39"
    "@swc/core-win32-arm64-msvc" "1.3.39"
    "@swc/core-win32-ia32-msvc" "1.3.39"
    "@swc/core-win32-x64-msvc" "1.3.39"

"@types/d3-cloud@1.2.5":
  version "1.2.5"
  resolved "https://registry.yarnpkg.com/@types/d3-cloud/-/d3-cloud-1.2.5.tgz#0300bedc826aacd505ae6c41c5f8c4ab75c45135"
  integrity sha512-vEIER9DsEBUOdpRiwCh3n1qE+cV6h4e1LhxhY2sLt+m8LPNAIkOOhTlqk0JDiBwD+ZPM8ynFAOU3AuPuVYBFBA==
  dependencies:
    "@types/d3" "^3"

"@types/d3-color@*":
  version "3.1.0"
  resolved "https://registry.yarnpkg.com/@types/d3-color/-/d3-color-3.1.0.tgz#6594da178ded6c7c3842f3cc0ac84b156f12f2d4"
  integrity sha512-HKuicPHJuvPgCD+np6Se9MQvS6OCbJmOjGvylzMJRlDwUXjKTTXs6Pwgk79O09Vj/ho3u1ofXnhFOaEWWPrlwA==

"@types/d3-interpolate@^3.0.1":
  version "3.0.1"
  resolved "https://registry.yarnpkg.com/@types/d3-interpolate/-/d3-interpolate-3.0.1.tgz#e7d17fa4a5830ad56fe22ce3b4fac8541a9572dc"
  integrity sha512-jx5leotSeac3jr0RePOH1KdR9rISG91QIE4Q2PYTu4OymLTZfA3SrnURSLzKH48HmXVUru50b8nje4E79oQSQw==
  dependencies:
    "@types/d3-color" "*"

"@types/d3-path@^1", "@types/d3-path@^1.0.8":
  version "1.0.9"
  resolved "https://registry.yarnpkg.com/@types/d3-path/-/d3-path-1.0.9.tgz#73526b150d14cd96e701597cbf346cfd1fd4a58c"
  integrity sha512-NaIeSIBiFgSC6IGUBjZWcscUJEq7vpVu7KthHN8eieTV9d9MqkSOZLH4chq1PmcKy06PNe3axLeKmRIyxJ+PZQ==

"@types/d3-random@^2.2.0":
  version "2.2.1"
  resolved "https://registry.yarnpkg.com/@types/d3-random/-/d3-random-2.2.1.tgz#551edbb71cb317dea2cf9c76ebe059d311eefacb"
  integrity sha512-5vvxn6//poNeOxt1ZwC7QU//dG9QqABjy1T7fP/xmFHY95GnaOw3yABf29hiu5SR1Oo34XcpyHFbzod+vemQjA==

"@types/d3-scale@^4.0.2":
  version "4.0.3"
  resolved "https://registry.yarnpkg.com/@types/d3-scale/-/d3-scale-4.0.3.tgz#7a5780e934e52b6f63ad9c24b105e33dd58102b5"
  integrity sha512-PATBiMCpvHJSMtZAMEhc2WyL+hnzarKzI6wAHYjhsonjWJYGq5BXTzQjv4l8m2jO183/4wZ90rKvSeT7o72xNQ==
  dependencies:
    "@types/d3-time" "*"

"@types/d3-shape@^1.3.1":
  version "1.3.8"
  resolved "https://registry.yarnpkg.com/@types/d3-shape/-/d3-shape-1.3.8.tgz#c3c15ec7436b4ce24e38de517586850f1fea8e89"
  integrity sha512-gqfnMz6Fd5H6GOLYixOZP/xlrMtJms9BaS+6oWxTKHNqPGZ93BkWWupQSCYm6YHqx6h9wjRupuJb90bun6ZaYg==
  dependencies:
    "@types/d3-path" "^1"

"@types/d3-time-format@^4.0.0":
  version "4.0.0"
  resolved "https://registry.yarnpkg.com/@types/d3-time-format/-/d3-time-format-4.0.0.tgz#ee7b6e798f8deb2d9640675f8811d0253aaa1946"
  integrity sha512-yjfBUe6DJBsDin2BMIulhSHmr5qNR5Pxs17+oW4DoVPyVIXZ+m6bs7j1UVKP08Emv6jRmYrYqxYzO63mQxy1rw==

"@types/d3-time@*":
  version "3.0.0"
  resolved "https://registry.yarnpkg.com/@types/d3-time/-/d3-time-3.0.0.tgz#e1ac0f3e9e195135361fa1a1d62f795d87e6e819"
  integrity sha512-sZLCdHvBUcNby1cB6Fd3ZBrABbjz3v1Vm90nysCQ6Vt7vd6e/h9Lt7SiJUoEX0l4Dzc7P5llKyhqSi1ycSf1Hg==

"@types/d3-time@^2.0.0":
  version "2.1.1"
  resolved "https://registry.yarnpkg.com/@types/d3-time/-/d3-time-2.1.1.tgz#743fdc821c81f86537cbfece07093ac39b4bc342"
  integrity sha512-9MVYlmIgmRR31C5b4FVSWtuMmBHh2mOWQYfl7XAYOa8dsnb7iEmUmRSWSFgXFtkjxO65d7hTUHQC+RhR/9IWFg==

"@types/d3@^3":
  version "3.5.47"
  resolved "https://registry.yarnpkg.com/@types/d3/-/d3-3.5.47.tgz#b81042fcb0195c583fc037bc857d161469a7d175"
  integrity sha512-VkWIQoZXLFdcBGe5pdBKJmTU3fmpXvo/KV6ixvTzOMl1yJ2hbTXpfvsziag0kcaerPDwas2T0vxojwQG3YwivQ==

"@types/lodash@^4.14.172":
  version "4.14.191"
  resolved "https://registry.yarnpkg.com/@types/lodash/-/lodash-4.14.191.tgz#09511e7f7cba275acd8b419ddac8da9a6a79e2fa"
  integrity sha512-BdZ5BCCvho3EIXw6wUCXHe7rS53AIDPLE+JzwgT+OsJk53oBfbSmZZ7CX4VaRoN78N+TJpFi9QPlfIVNmJYWxQ==

"@types/prop-types@*":
  version "15.7.5"
  resolved "https://registry.yarnpkg.com/@types/prop-types/-/prop-types-15.7.5.tgz#5f19d2b85a98e9558036f6a3cacc8819420f05cf"
  integrity sha512-JCB8C6SnDoQf0cNycqd/35A7MjcnK+ZTqE7judS6o7utxUCg6imJg3QK2qzHKszlTjcj2cn+NwMB2i96ubpj7w==

"@types/react-dom@*", "@types/react-dom@^18.0.10":
  version "18.0.11"
  resolved "https://registry.yarnpkg.com/@types/react-dom/-/react-dom-18.0.11.tgz#321351c1459bc9ca3d216aefc8a167beec334e33"
  integrity sha512-O38bPbI2CWtgw/OoQoY+BRelw7uysmXbWvw3nLWO21H1HSh+GOlqPuXshJfjmpNlKiiSDG9cc1JZAaMmVdcTlw==
  dependencies:
    "@types/react" "*"

"@types/react@*", "@types/react@^18.0.27":
  version "18.0.28"
  resolved "https://registry.yarnpkg.com/@types/react/-/react-18.0.28.tgz#accaeb8b86f4908057ad629a26635fe641480065"
  integrity sha512-RD0ivG1kEztNBdoAK7lekI9M+azSnitIn85h4iOiaLjaTrMjzslhaqCGaI4IyCJ1RljWiLCEu4jyrLLgqxBTew==
  dependencies:
    "@types/prop-types" "*"
    "@types/scheduler" "*"
    csstype "^3.0.2"

"@types/scheduler@*":
  version "0.16.2"
  resolved "https://registry.yarnpkg.com/@types/scheduler/-/scheduler-0.16.2.tgz#1a62f89525723dde24ba1b01b092bf5df8ad4d39"
  integrity sha512-hppQEBDmlwhFAXKJX2KnWLYu5yMfi91yazPb2l+lbJiwW+wdo1gNeRA+3RgNSO39WYX2euey41KEwnqesU2Jew==

"@use-gesture/core@10.2.24":
  version "10.2.24"
  resolved "https://registry.yarnpkg.com/@use-gesture/core/-/core-10.2.24.tgz#88d13a60954ba62463c774acb92d12bf7b3d810c"
  integrity sha512-ZL7F9mgOn3Qlnp6QLI9jaOfcvqrx6JPE/BkdVSd8imveaFTm/a3udoO6f5Us/1XtqnL4347PsIiK6AtCvMHk2Q==

"@use-gesture/react@^10.0.0-beta.22":
  version "10.2.24"
  resolved "https://registry.yarnpkg.com/@use-gesture/react/-/react-10.2.24.tgz#bc13780381e786b286f099f69ea3801bb9ed27a5"
  integrity sha512-rAZ8Nnpu1g4eFzqCPlaq+TppJpMy0dTpYOQx5KpfoBF4P3aWnCqwj7eKxcmdIb1NJKpIJj50DPugUH4mq5cpBg==
  dependencies:
    "@use-gesture/core" "10.2.24"

"@visx/axis@3.1.0", "@visx/axis@^3.1.0":
  version "3.1.0"
  resolved "https://registry.yarnpkg.com/@visx/axis/-/axis-3.1.0.tgz#775b221e5abfdec25304c607eeae8cda1a8bade6"
  integrity sha512-JDj/1VYx0JO0pHFtwoFtYcnqdoZFh/dpHImEl169S5nTslSFlIoNTXA/ekpBP6ELkEZ59gmF1X5k29x6MFBwCA==
  dependencies:
    "@types/react" "*"
    "@visx/group" "3.0.0"
    "@visx/point" "3.0.1"
    "@visx/scale" "3.0.0"
    "@visx/shape" "3.0.0"
    "@visx/text" "3.0.0"
    classnames "^2.3.1"
    prop-types "^15.6.0"

"@visx/bounds@3.0.0":
  version "3.0.0"
  resolved "https://registry.yarnpkg.com/@visx/bounds/-/bounds-3.0.0.tgz#cf357cbff90a1fe5f95eb9d9288dd8794b744a7f"
  integrity sha512-YQaSSER9erxlhppzRms6cvYdKqcIwk6eksrGdbJkBoHobhPo1JCIUXlmrA4qgrEnXInPJpueGE+PE5F+Dk12DA==
  dependencies:
    "@types/react" "*"
    "@types/react-dom" "*"
    prop-types "^15.5.10"

"@visx/curve@3.0.0":
  version "3.0.0"
  resolved "https://registry.yarnpkg.com/@visx/curve/-/curve-3.0.0.tgz#c54568472e00a38483c58cf52e4a6ddb2887c2d4"
  integrity sha512-kvHJDLBeczTQ87ZExSTfRxej06l6o6UiQ0NHf9+xpAin06y6Qk1ThOHHWJTGM6KGzwlu7jEauJGHwZs6nMhDvA==
  dependencies:
    "@types/d3-shape" "^1.3.1"
    d3-shape "^1.0.6"

"@visx/event@3.0.1":
  version "3.0.1"
  resolved "https://registry.yarnpkg.com/@visx/event/-/event-3.0.1.tgz#d5358f52ff5ef30036d955bd2b68b96472ff2d6f"
  integrity sha512-tK1EUYQLLStBuoCMbm8LJ3VbDyCVI8HjT0pMRQxm+C75FSIVWvrThgrfrC9sWOFnEMEYWspZO7hI5zjsPKjLQA==
  dependencies:
    "@types/react" "*"
    "@visx/point" "3.0.1"

"@visx/gradient@^3.0.0":
  version "3.0.0"
  resolved "https://registry.yarnpkg.com/@visx/gradient/-/gradient-3.0.0.tgz#39b55dd5a0b34feb219fcb2ea5525388c5ae0c1b"
  integrity sha512-UoM9R9PIPLO/w7hCW9gFncrLdpKNqh13sLS9/0Iy6b75uP2l05FLG2HX4kXljeyOrj4/XyzRCMYm0HHk/p5iMA==
  dependencies:
    "@types/react" "*"
    prop-types "^15.5.7"

"@visx/grid@3.0.1", "@visx/grid@^3.0.1":
  version "3.0.1"
  resolved "https://registry.yarnpkg.com/@visx/grid/-/grid-3.0.1.tgz#d91085ed92e7e1c0c2e58710bc33b2f0f33b8e74"
  integrity sha512-cln5CVvFG58C5Uz1Uf0KRBFmGmgD1NALOQdYDu5yPsTuY2yLzVYPvCIlYBMdUtE0uzfNq972SmkZHfZYs03jxQ==
  dependencies:
    "@types/react" "*"
    "@visx/curve" "3.0.0"
    "@visx/group" "3.0.0"
    "@visx/point" "3.0.1"
    "@visx/scale" "3.0.0"
    "@visx/shape" "3.0.0"
    classnames "^2.3.1"
    prop-types "^15.6.2"

"@visx/group@3.0.0", "@visx/group@^3.0.0":
  version "3.0.0"
  resolved "https://registry.yarnpkg.com/@visx/group/-/group-3.0.0.tgz#e7f9752599bcc7e141ff5317a2a9a502577ab8df"
  integrity sha512-SFjXhTMcsaVAb1/TVL1KM5vn8gQTIVgSx0ATdDl4BJSFp2ym1lO8LY4jpV4SFweaHnWxVwrrfGLTn5QsYnvmjQ==
  dependencies:
    "@types/react" "*"
    classnames "^2.3.1"
    prop-types "^15.6.2"

"@visx/legend@^3.0.0":
  version "3.0.0"
  resolved "https://registry.yarnpkg.com/@visx/legend/-/legend-3.0.0.tgz#b169667a99bbe0f0c2c610f938930022bb4a5d99"
  integrity sha512-kESeNabNrDceMMYGPAmSyMQ8QLntbDecVrJY6YG8J1YkjZEpPjwdtq8ylP3LbxAiq2rSD1/3nQCnVlZM39gc+A==
  dependencies:
    "@types/react" "*"
    "@visx/group" "3.0.0"
    "@visx/scale" "3.0.0"
    classnames "^2.3.1"
    prop-types "^15.5.10"

"@visx/mock-data@^3.0.0":
  version "3.0.0"
  resolved "https://registry.yarnpkg.com/@visx/mock-data/-/mock-data-3.0.0.tgz#d8ac030e8dc58b338cba87e6b65276e7f9ac63ad"
  integrity sha512-qi+G413zX1zIsyKDMvfKDTa8R9n+AOZygKq8qLGB9Uddx0ogXqjypDYN+gxvqSjzjxleuQ9Ml6PNTOdj9V9a1A==
  dependencies:
    "@types/d3-random" "^2.2.0"
    d3-random "^2.2.2"

"@visx/point@3.0.1":
  version "3.0.1"
  resolved "https://registry.yarnpkg.com/@visx/point/-/point-3.0.1.tgz#77587ddaabf6f3023f09f8a0ce33a2c27c9d64c8"
  integrity sha512-S5WOBMgEP2xHcgs3A2BFB2vwzrk0tMmn3PGZAbQJ+lu4HlnalDP72klUnxLTH8xclNNvpUHtHM5eLIJXyHx6Pw==

"@visx/react-spring@^3.1.0":
  version "3.1.0"
  resolved "https://registry.yarnpkg.com/@visx/react-spring/-/react-spring-3.1.0.tgz#dad4770e74a3880da862cac104bad61e466cee01"
  integrity sha512-8GHfXvJwnscGgf5UVCMeKw8Genq+cllcQJ8T6aAe1uC2ttYa2InmRIPsJEoA7VDLcxNIJgvw1bRd22QrgT9LtA==
  dependencies:
    "@types/react" "*"
    "@visx/axis" "3.1.0"
    "@visx/grid" "3.0.1"
    "@visx/scale" "3.0.0"
    "@visx/text" "3.0.0"
    classnames "^2.3.1"
    prop-types "^15.6.2"

"@visx/scale@3.0.0", "@visx/scale@^3.0.0":
  version "3.0.0"
  resolved "https://registry.yarnpkg.com/@visx/scale/-/scale-3.0.0.tgz#727123f0c930d3346a4473e926831c45997e0312"
  integrity sha512-WSf+wrxZEvu5TPGfGTafzzX1MbogbIxfD9ZKM9p7xfw65v23G0dNMy4bqVBUbOJigONoQkIZyqQ+gz5AJ/ioIg==
  dependencies:
    "@types/d3-interpolate" "^3.0.1"
    "@types/d3-scale" "^4.0.2"
    "@types/d3-time" "^2.0.0"
    d3-interpolate "^3.0.1"
    d3-scale "^4.0.2"
    d3-time "^2.1.1"

"@visx/shape@3.0.0", "@visx/shape@^3.0.0":
  version "3.0.0"
  resolved "https://registry.yarnpkg.com/@visx/shape/-/shape-3.0.0.tgz#a1d4bd0e12cc94c164252f175997932a09c24652"
  integrity sha512-t6lpP9bIA1vwChDwiOUWl92ro29XF/M8IVNWRA0pm4LGxGGTACvxG3Agfcdi3JprahUVqPpnRCwuR36PDanq3Q==
  dependencies:
    "@types/d3-path" "^1.0.8"
    "@types/d3-shape" "^1.3.1"
    "@types/lodash" "^4.14.172"
    "@types/react" "*"
    "@visx/curve" "3.0.0"
    "@visx/group" "3.0.0"
    "@visx/scale" "3.0.0"
    classnames "^2.3.1"
    d3-path "^1.0.5"
    d3-shape "^1.2.0"
    lodash "^4.17.21"
    prop-types "^15.5.10"

"@visx/text@3.0.0", "@visx/text@^3.0.0":
  version "3.0.0"
  resolved "https://registry.yarnpkg.com/@visx/text/-/text-3.0.0.tgz#9099c3605027b9ab4c54bde97518a648136c3629"
  integrity sha512-LW6v5T/gpd9RGw83/ScXncYc6IlcfzXTpaN8WbbxLRI65gdvSqrykwAMR0cbpQmzoVFuZXljqOf0QslHGnBg1w==
  dependencies:
    "@types/lodash" "^4.14.172"
    "@types/react" "*"
    classnames "^2.3.1"
    lodash "^4.17.21"
    prop-types "^15.7.2"
    reduce-css-calc "^1.3.0"

"@visx/tooltip@^3.0.0":
  version "3.0.0"
  resolved "https://registry.yarnpkg.com/@visx/tooltip/-/tooltip-3.0.0.tgz#9076f0d43e74c7f307b0320b0ec2460cc7fdbedf"
  integrity sha512-a+ZzlE/vVxQgW83k/Ypj721K09IKG4JRHVb7YDxiQnAawkJe9rkTxGoAIXD6PrqvERa+rSISgUWHAxuee5MnhA==
  dependencies:
    "@types/react" "*"
    "@visx/bounds" "3.0.0"
    classnames "^2.3.1"
    prop-types "^15.5.10"
    react-use-measure "^2.0.4"

"@visx/wordcloud@^3.0.0":
  version "3.0.0"
  resolved "https://registry.yarnpkg.com/@visx/wordcloud/-/wordcloud-3.0.0.tgz#b7f66c6a7a5b97b4a1bd7305c1d496e20333953b"
  integrity sha512-PWC0ElV6MOAPDRzvvwod/fyS+S5X/dippzGnZGSTq4zAzt+vrg1gbx0isEHbYzVPnkevf7HWScKcwZxxJ7gvzA==
  dependencies:
    "@types/d3-cloud" "1.2.5"
    "@visx/group" "3.0.0"
    d3-cloud "^1.2.5"

"@visx/zoom@^3.0.1":
  version "3.0.1"
  resolved "https://registry.yarnpkg.com/@visx/zoom/-/zoom-3.0.1.tgz#872bf94b2aee2363b70dd6b15a1f6ff05f7a1fcd"
  integrity sha512-E/HNp1c/tgippJBCqn1NKx8Xhh2y4pgVjET9or3GbTs/7VAN/NkAR2V7t7u3zfGaPnBjkfbmulMkmQP4bB8m1g==
  dependencies:
    "@types/react" "*"
    "@use-gesture/react" "^10.0.0-beta.22"
    "@visx/event" "3.0.1"
    prop-types "^15.6.2"

"@vitejs/plugin-react-swc@^3.0.0":
  version "3.2.0"
  resolved "https://registry.yarnpkg.com/@vitejs/plugin-react-swc/-/plugin-react-swc-3.2.0.tgz#7c4f6e116a296c27f680d05750f9dbf798cf7709"
  integrity sha512-IcBoXL/mcH7JdQr/nfDlDwTdIaH8Rg7LpfQDF4nAht+juHWIuv6WhpKPCSfY4+zztAaB07qdBoFz1XCZsgo3pQ==
  dependencies:
    "@swc/core" "^1.3.35"

anymatch@~3.1.2:
  version "3.1.3"
  resolved "https://registry.yarnpkg.com/anymatch/-/anymatch-3.1.3.tgz#790c58b19ba1720a84205b57c618d5ad8524973e"
  integrity sha512-KMReFUr0B4t+D+OBkjR3KYqvocp2XaSzO55UcB6mgQMd3KbcE+mWTyvVV7D/zsdEbNnV6acZUutkiHQXvTr1Rw==
  dependencies:
    normalize-path "^3.0.0"
    picomatch "^2.0.4"

balanced-match@^0.4.2:
  version "0.4.2"
  resolved "https://registry.yarnpkg.com/balanced-match/-/balanced-match-0.4.2.tgz#cb3f3e3c732dc0f01ee70b403f302e61d7709838"
  integrity sha512-STw03mQKnGUYtoNjmowo4F2cRmIIxYEGiMsjjwla/u5P1lxadj/05WkNaFjNiKTgJkj8KiXbgAiRTmcQRwQNtg==

balanced-match@^1.0.0:
  version "1.0.2"
  resolved "https://registry.yarnpkg.com/balanced-match/-/balanced-match-1.0.2.tgz#e83e3a7e3f300b34cb9d87f615fa0cbf357690ee"
  integrity sha512-3oSeUO0TMV67hN1AmbXsK4yaqU7tjiHlbxRDZOpH0KW9+CeX4bRAaX0Anxt0tx2MrpRpWwQaPwIlISEJhYU5Pw==

binary-extensions@^2.0.0:
  version "2.2.0"
  resolved "https://registry.yarnpkg.com/binary-extensions/-/binary-extensions-2.2.0.tgz#75f502eeaf9ffde42fc98829645be4ea76bd9e2d"
  integrity sha512-jDctJ/IVQbZoJykoeHbhXpOlNBqGNcwXJKJog42E5HDPUwQTSdjCHdihjj0DlnheQ7blbT6dHOafNAiS8ooQKA==

braces@~3.0.2:
  version "3.0.2"
  resolved "https://registry.yarnpkg.com/braces/-/braces-3.0.2.tgz#3454e1a462ee8d599e236df336cd9ea4f8afe107"
  integrity sha512-b8um+L1RzM3WDSzvhm6gIz1yfTbBt6YTlcEKAvsmqCZZFw46z626lVj9j1yEPW33H5H+lBQpZMP1k8l+78Ha0A==
  dependencies:
    fill-range "^7.0.1"

"chokidar@>=3.0.0 <4.0.0":
  version "3.5.3"
  resolved "https://registry.yarnpkg.com/chokidar/-/chokidar-3.5.3.tgz#1cf37c8707b932bd1af1ae22c0432e2acd1903bd"
  integrity sha512-Dr3sfKRP6oTcjf2JmUmFJfeVMvXBdegxB0iVQ5eb2V10uFJUCAS8OByZdVAyVb8xXNz3GjjTgj9kLWsZTqE6kw==
  dependencies:
    anymatch "~3.1.2"
    braces "~3.0.2"
    glob-parent "~5.1.2"
    is-binary-path "~2.1.0"
    is-glob "~4.0.1"
    normalize-path "~3.0.0"
    readdirp "~3.6.0"
  optionalDependencies:
    fsevents "~2.3.2"

classnames@^2.3.1:
  version "2.3.2"
  resolved "https://registry.yarnpkg.com/classnames/-/classnames-2.3.2.tgz#351d813bf0137fcc6a76a16b88208d2560a0d924"
  integrity sha512-CSbhY4cFEJRe6/GQzIk5qXZ4Jeg5pcsP7b5peFSDpffpe1cqjASH/n9UTjBwOp6XpMSTwQ8Za2K5V02ueA7Tmw==

csstype@^3.0.2:
  version "3.1.1"
  resolved "https://registry.yarnpkg.com/csstype/-/csstype-3.1.1.tgz#841b532c45c758ee546a11d5bd7b7b473c8c30b9"
  integrity sha512-DJR/VvkAvSZW9bTouZue2sSxDwdTN92uHjqeKVm+0dAqdfNykRzQ95tay8aXMBAAPpUiq4Qcug2L7neoRh2Egw==

d3-array@2:
  version "2.12.1"
  resolved "https://registry.yarnpkg.com/d3-array/-/d3-array-2.12.1.tgz#e20b41aafcdffdf5d50928004ececf815a465e81"
  integrity sha512-B0ErZK/66mHtEsR1TkPEEkwdy+WDesimkM5gpZr5Dsg54BiTA5RXtYW5qTLIAcekaS9xfZrzBLF/OAkB3Qn1YQ==
  dependencies:
    internmap "^1.0.0"

"d3-array@2 - 3", "d3-array@2.10.0 - 3":
  version "3.2.2"
  resolved "https://registry.yarnpkg.com/d3-array/-/d3-array-3.2.2.tgz#f8ac4705c5b06914a7e0025bbf8d5f1513f6a86e"
  integrity sha512-yEEyEAbDrF8C6Ob2myOBLjwBLck1Z89jMGFee0oPsn95GqjerpaOA4ch+vc2l0FNFFwMD5N7OCSEN5eAlsUbgQ==
  dependencies:
    internmap "1 - 2"

d3-cloud@^1.2.5:
  version "1.2.5"
  resolved "https://registry.yarnpkg.com/d3-cloud/-/d3-cloud-1.2.5.tgz#3e91564f2d27fba47fcc7d812eb5081ea24c603d"
  integrity sha512-4s2hXZgvs0CoUIw31oBAGrHt9Kt/7P9Ik5HIVzISFiWkD0Ga2VLAuO/emO/z1tYIpE7KG2smB4PhMPfFMJpahw==
  dependencies:
    d3-dispatch "^1.0.3"

"d3-color@1 - 3":
  version "3.1.0"
  resolved "https://registry.yarnpkg.com/d3-color/-/d3-color-3.1.0.tgz#395b2833dfac71507f12ac2f7af23bf819de24e2"
  integrity sha512-zg/chbXyeBtMQ1LbD/WSoW2DpC3I0mpmPdW+ynRTj/x2DAWYrIY7qeZIHidozwV24m4iavr15lNwIwLxRmOxhA==

d3-dispatch@^1.0.3:
  version "1.0.6"
  resolved "https://registry.yarnpkg.com/d3-dispatch/-/d3-dispatch-1.0.6.tgz#00d37bcee4dd8cd97729dd893a0ac29caaba5d58"
  integrity sha512-fVjoElzjhCEy+Hbn8KygnmMS7Or0a9sI2UzGwoB7cCtvI1XpVN9GpoYlnb3xt2YV66oXYb1fLJ8GMvP4hdU1RA==

"d3-format@1 - 3":
  version "3.1.0"
  resolved "https://registry.yarnpkg.com/d3-format/-/d3-format-3.1.0.tgz#9260e23a28ea5cb109e93b21a06e24e2ebd55641"
  integrity sha512-YyUI6AEuY/Wpt8KWLgZHsIU86atmikuoOmCfommt0LYHiQSPjvX2AcFc38PX0CBpr2RCyZhjex+NS/LPOv6YqA==

"d3-interpolate@1.2.0 - 3", d3-interpolate@^3.0.1:
  version "3.0.1"
  resolved "https://registry.yarnpkg.com/d3-interpolate/-/d3-interpolate-3.0.1.tgz#3c47aa5b32c5b3dfb56ef3fd4342078a632b400d"
  integrity sha512-3bYs1rOD33uo8aqJfKP3JWPAibgw8Zm2+L9vBKEHJ2Rg+viTR7o5Mmv5mZcieN+FRYaAOWX5SJATX6k1PWz72g==
  dependencies:
    d3-color "1 - 3"

d3-path@1, d3-path@^1.0.5:
  version "1.0.9"
  resolved "https://registry.yarnpkg.com/d3-path/-/d3-path-1.0.9.tgz#48c050bb1fe8c262493a8caf5524e3e9591701cf"
  integrity sha512-VLaYcn81dtHVTjEHd8B+pbe9yHWpXKZUC87PzoFmsFrJqgFwDe/qxfp5MlfsfM1V5E/iVt0MmEbWQ7FVIXh/bg==

d3-random@^2.2.2:
  version "2.2.2"
  resolved "https://registry.yarnpkg.com/d3-random/-/d3-random-2.2.2.tgz#5eebd209ef4e45a2b362b019c1fb21c2c98cbb6e"
  integrity sha512-0D9P8TRj6qDAtHhRQn6EfdOtHMfsUWanl3yb/84C4DqpZ+VsgfI5iTVRNRbELCfNvRfpMr8OrqqUTQ6ANGCijw==

d3-scale@^4.0.2:
  version "4.0.2"
  resolved "https://registry.yarnpkg.com/d3-scale/-/d3-scale-4.0.2.tgz#82b38e8e8ff7080764f8dcec77bd4be393689396"
  integrity sha512-GZW464g1SH7ag3Y7hXjf8RoUuAFIqklOAq3MRl4OaWabTFJY9PN/E1YklhXLh+OQ3fM9yS2nOkCoS+WLZ6kvxQ==
  dependencies:
    d3-array "2.10.0 - 3"
    d3-format "1 - 3"
    d3-interpolate "1.2.0 - 3"
    d3-time "2.1.1 - 3"
    d3-time-format "2 - 4"

d3-shape@^1.0.6, d3-shape@^1.2.0:
  version "1.3.7"
  resolved "https://registry.yarnpkg.com/d3-shape/-/d3-shape-1.3.7.tgz#df63801be07bc986bc54f63789b4fe502992b5d7"
  integrity sha512-EUkvKjqPFUAZyOlhY5gzCxCeI0Aep04LwIRpsZ/mLFelJiUfnK56jo5JMDSE7yyP2kLSb6LtF+S5chMk7uqPqw==
  dependencies:
    d3-path "1"

"d3-time-format@2 - 4", d3-time-format@^4.1.0:
  version "4.1.0"
  resolved "https://registry.yarnpkg.com/d3-time-format/-/d3-time-format-4.1.0.tgz#7ab5257a5041d11ecb4fe70a5c7d16a195bb408a"
  integrity sha512-dJxPBlzC7NugB2PDLwo9Q8JiTR3M3e4/XANkreKSUxF8vvXKqm1Yfq4Q5dl8budlunRVlUUaDUgFt7eA8D6NLg==
  dependencies:
    d3-time "1 - 3"

"d3-time@1 - 3", "d3-time@2.1.1 - 3":
  version "3.1.0"
  resolved "https://registry.yarnpkg.com/d3-time/-/d3-time-3.1.0.tgz#9310db56e992e3c0175e1ef385e545e48a9bb5c7"
  integrity sha512-VqKjzBLejbSMT4IgbmVgDjpkYrNWUYJnbCGo874u7MMKIWsILRX+OpX/gTk8MqjpT1A/c6HY2dCA77ZN0lkQ2Q==
  dependencies:
    d3-array "2 - 3"

d3-time@^2.1.1:
  version "2.1.1"
  resolved "https://registry.yarnpkg.com/d3-time/-/d3-time-2.1.1.tgz#e9d8a8a88691f4548e68ca085e5ff956724a6682"
  integrity sha512-/eIQe/eR4kCQwq7yxi7z4c6qEXf2IYGcjoWB5OOQy4Tq9Uv39/947qlDcN2TLkiTzQWzvnsuYPB9TrWaNfipKQ==
  dependencies:
    d3-array "2"

debounce@^1.2.1:
  version "1.2.1"
  resolved "https://registry.yarnpkg.com/debounce/-/debounce-1.2.1.tgz#38881d8f4166a5c5848020c11827b834bcb3e0a5"
  integrity sha512-XRRe6Glud4rd/ZGQfiV1ruXSfbvfJedlV9Y6zOlP+2K04vBYiJEte6stfFkCP03aMnY5tsipamumUjL14fofug==

esbuild@^0.16.14:
  version "0.16.17"
  resolved "https://registry.yarnpkg.com/esbuild/-/esbuild-0.16.17.tgz#fc2c3914c57ee750635fee71b89f615f25065259"
  integrity sha512-G8LEkV0XzDMNwXKgM0Jwu3nY3lSTwSGY6XbxM9cr9+s0T/qSV1q1JVPBGzm3dcjhCic9+emZDmMffkwgPeOeLg==
  optionalDependencies:
    "@esbuild/android-arm" "0.16.17"
    "@esbuild/android-arm64" "0.16.17"
    "@esbuild/android-x64" "0.16.17"
    "@esbuild/darwin-arm64" "0.16.17"
    "@esbuild/darwin-x64" "0.16.17"
    "@esbuild/freebsd-arm64" "0.16.17"
    "@esbuild/freebsd-x64" "0.16.17"
    "@esbuild/linux-arm" "0.16.17"
    "@esbuild/linux-arm64" "0.16.17"
    "@esbuild/linux-ia32" "0.16.17"
    "@esbuild/linux-loong64" "0.16.17"
    "@esbuild/linux-mips64el" "0.16.17"
    "@esbuild/linux-ppc64" "0.16.17"
    "@esbuild/linux-riscv64" "0.16.17"
    "@esbuild/linux-s390x" "0.16.17"
    "@esbuild/linux-x64" "0.16.17"
    "@esbuild/netbsd-x64" "0.16.17"
    "@esbuild/openbsd-x64" "0.16.17"
    "@esbuild/sunos-x64" "0.16.17"
    "@esbuild/win32-arm64" "0.16.17"
    "@esbuild/win32-ia32" "0.16.17"
    "@esbuild/win32-x64" "0.16.17"

fill-range@^7.0.1:
  version "7.0.1"
  resolved "https://registry.yarnpkg.com/fill-range/-/fill-range-7.0.1.tgz#1919a6a7c75fe38b2c7c77e5198535da9acdda40"
  integrity sha512-qOo9F+dMUmC2Lcb4BbVvnKJxTPjCm+RRpe4gDuGrzkL7mEVl/djYSu2OdQ2Pa302N4oqkSg9ir6jaLWJ2USVpQ==
  dependencies:
    to-regex-range "^5.0.1"

fsevents@~2.3.2:
  version "2.3.2"
  resolved "https://registry.yarnpkg.com/fsevents/-/fsevents-2.3.2.tgz#8a526f78b8fdf4623b709e0b975c52c24c02fd1a"
  integrity sha512-xiqMQR4xAeHTuB9uWm+fFRcIOgKBMiOBP+eXiyT7jsgVCq1bkVygt00oASowB7EdtpOHaaPgKt812P9ab+DDKA==

function-bind@^1.1.1:
  version "1.1.1"
  resolved "https://registry.yarnpkg.com/function-bind/-/function-bind-1.1.1.tgz#a56899d3ea3c9bab874bb9773b7c5ede92f4895d"
  integrity sha512-yIovAzMX49sF8Yl58fSCWJ5svSLuaibPxXQJFLmBObTuCr0Mf1KiPopGM9NiFjiYBCbfaa2Fh6breQ6ANVTI0A==

glob-parent@~5.1.2:
  version "5.1.2"
  resolved "https://registry.yarnpkg.com/glob-parent/-/glob-parent-5.1.2.tgz#869832c58034fe68a4093c17dc15e8340d8401c4"
  integrity sha512-AOIgSQCepiJYwP3ARnGx+5VnTu2HBYdzbGP45eLw1vr3zB3vZLeyed1sC9hnbcOc9/SrMyM5RPQrkGz4aS9Zow==
  dependencies:
    is-glob "^4.0.1"

has@^1.0.3:
  version "1.0.3"
  resolved "https://registry.yarnpkg.com/has/-/has-1.0.3.tgz#722d7cbfc1f6aa8241f16dd814e011e1f41e8796"
  integrity sha512-f2dvO0VU6Oej7RkWJGrehjbzMAjFp5/VKPp5tTpWIV4JHHZK1/BxbFRtf/siA2SWTe09caDmVtYYzWEIbBS4zw==
  dependencies:
    function-bind "^1.1.1"

immutable@^4.0.0:
  version "4.3.0"
  resolved "https://registry.yarnpkg.com/immutable/-/immutable-4.3.0.tgz#eb1738f14ffb39fd068b1dbe1296117484dd34be"
  integrity sha512-0AOCmOip+xgJwEVTQj1EfiDDOkPmuyllDuTuEX+DDXUgapLAsBIfkg3sxCYyCEA8mQqZrrxPUGjcOQ2JS3WLkg==

"internmap@1 - 2":
  version "2.0.3"
  resolved "https://registry.yarnpkg.com/internmap/-/internmap-2.0.3.tgz#6685f23755e43c524e251d29cbc97248e3061009"
  integrity sha512-5Hh7Y1wQbvY5ooGgPbDaL5iYLAPzMTUrjMulskHLH6wnv/A+1q5rgEaiuqEjB+oxGXIVZs1FF+R/KPN3ZSQYYg==

internmap@^1.0.0:
  version "1.0.1"
  resolved "https://registry.yarnpkg.com/internmap/-/internmap-1.0.1.tgz#0017cc8a3b99605f0302f2b198d272e015e5df95"
  integrity sha512-lDB5YccMydFBtasVtxnZ3MRBHuaoE8GKsppq+EchKL2U4nK/DmEpPHNH8MZe5HkMtpSiTSOZwfN0tzYjO/lJEw==

is-binary-path@~2.1.0:
  version "2.1.0"
  resolved "https://registry.yarnpkg.com/is-binary-path/-/is-binary-path-2.1.0.tgz#ea1f7f3b80f064236e83470f86c09c254fb45b09"
  integrity sha512-ZMERYes6pDydyuGidse7OsHxtbI7WVeUEozgR/g7rd0xUimYNlvZRE/K2MgZTjWy725IfelLeVcEM97mmtRGXw==
  dependencies:
    binary-extensions "^2.0.0"

is-core-module@^2.9.0:
  version "2.11.0"
  resolved "https://registry.yarnpkg.com/is-core-module/-/is-core-module-2.11.0.tgz#ad4cb3e3863e814523c96f3f58d26cc570ff0144"
  integrity sha512-RRjxlvLDkD1YJwDbroBHMb+cukurkDWNyHx7D3oNB5x9rb5ogcksMC5wHCadcXoo67gVr/+3GFySh3134zi6rw==
  dependencies:
    has "^1.0.3"

is-extglob@^2.1.1:
  version "2.1.1"
  resolved "https://registry.yarnpkg.com/is-extglob/-/is-extglob-2.1.1.tgz#a88c02535791f02ed37c76a1b9ea9773c833f8c2"
  integrity sha512-SbKbANkN603Vi4jEZv49LeVJMn4yGwsbzZworEoyEiutsN3nJYdbO36zfhGJ6QEDpOZIFkDtnq5JRxmvl3jsoQ==

is-glob@^4.0.1, is-glob@~4.0.1:
  version "4.0.3"
  resolved "https://registry.yarnpkg.com/is-glob/-/is-glob-4.0.3.tgz#64f61e42cbbb2eec2071a9dac0b28ba1e65d5084"
  integrity sha512-xelSayHH36ZgE7ZWhli7pW34hNbNl8Ojv5KVmkJD4hBdD3th8Tfk9vYasLM+mXWOZhFkgZfxhLSnrwRr4elSSg==
  dependencies:
    is-extglob "^2.1.1"

is-number@^7.0.0:
  version "7.0.0"
  resolved "https://registry.yarnpkg.com/is-number/-/is-number-7.0.0.tgz#7535345b896734d5f80c4d06c50955527a14f12b"
  integrity sha512-41Cifkg6e8TylSpdtTpeLVMqvSBEVzTttHvERD741+pnZ8ANv0004MRL43QKPDlK9cGvNp6NZWZUBlbGXYxxng==

"js-tokens@^3.0.0 || ^4.0.0":
  version "4.0.0"
  resolved "https://registry.yarnpkg.com/js-tokens/-/js-tokens-4.0.0.tgz#19203fb59991df98e3a287050d4647cdeaf32499"
  integrity sha512-RdJUflcE3cUzKiMqQgsCu06FPu9UdIJO0beYbPhHN4k6apgJtifcoCtT9bcxOpYBtpD2kCM6Sbzg4CausW/PKQ==

lodash@^4.17.21:
  version "4.17.21"
  resolved "https://registry.yarnpkg.com/lodash/-/lodash-4.17.21.tgz#679591c564c3bffaae8454cf0b3df370c3d6911c"
  integrity sha512-v2kDEe57lecTulaDIuNTPy3Ry4gLGJ6Z1O3vE1krgXZNrsQ+LFTGHVxVjcXPs17LhbZVGedAJv8XZ1tvj5FvSg==

loose-envify@^1.1.0, loose-envify@^1.4.0:
  version "1.4.0"
  resolved "https://registry.yarnpkg.com/loose-envify/-/loose-envify-1.4.0.tgz#71ee51fa7be4caec1a63839f7e682d8132d30caf"
  integrity sha512-lyuxPGr/Wfhrlem2CL/UcnUc1zcqKAImBDzukY7Y5F/yQiNdko6+fRLevlw1HgMySw7f611UIY408EtxRSoK3Q==
  dependencies:
    js-tokens "^3.0.0 || ^4.0.0"

math-expression-evaluator@^1.2.14:
  version "1.4.0"
  resolved "https://registry.yarnpkg.com/math-expression-evaluator/-/math-expression-evaluator-1.4.0.tgz#3d66031117fbb7b9715ea6c9c68c2cd2eebd37e2"
  integrity sha512-4vRUvPyxdO8cWULGTh9dZWL2tZK6LDBvj+OGHBER7poH9Qdt7kXEoj20wiz4lQUbUXQZFjPbe5mVDo9nutizCw==

nanoid@^3.3.4:
  version "3.3.4"
  resolved "https://registry.yarnpkg.com/nanoid/-/nanoid-3.3.4.tgz#730b67e3cd09e2deacf03c027c81c9d9dbc5e8ab"
  integrity sha512-MqBkQh/OHTS2egovRtLk45wEyNXwF+cokD+1YPf9u5VfJiRdAiRwB2froX5Co9Rh20xs4siNPm8naNotSD6RBw==

normalize-path@^3.0.0, normalize-path@~3.0.0:
  version "3.0.0"
  resolved "https://registry.yarnpkg.com/normalize-path/-/normalize-path-3.0.0.tgz#0dcd69ff23a1c9b11fd0978316644a0388216a65"
  integrity sha512-6eZs5Ls3WtCisHWp9S2GUy8dqkpGi4BVSz3GaqiE6ezub0512ESztXUwUB6C6IKbQkY2Pnb/mD4WYojCRwcwLA==

object-assign@^4.1.1:
  version "4.1.1"
  resolved "https://registry.yarnpkg.com/object-assign/-/object-assign-4.1.1.tgz#2109adc7965887cfc05cbbd442cac8bfbb360863"
  integrity sha512-rJgTQnkUnH1sFw8yT6VSU3zD3sWmu6sZhIseY8VX+GRu3P6F7Fu+JNDoXfklElbLJSnc3FUQHVe4cU5hj+BcUg==

path-parse@^1.0.7:
  version "1.0.7"
  resolved "https://registry.yarnpkg.com/path-parse/-/path-parse-1.0.7.tgz#fbc114b60ca42b30d9daf5858e4bd68bbedb6735"
  integrity sha512-LDJzPVEEEPR+y48z93A0Ed0yXb8pAByGWo/k5YYdYgpY2/2EsOsksJrq7lOHxryrVOn1ejG6oAp8ahvOIQD8sw==

picocolors@^1.0.0:
  version "1.0.0"
  resolved "https://registry.yarnpkg.com/picocolors/-/picocolors-1.0.0.tgz#cb5bdc74ff3f51892236eaf79d68bc44564ab81c"
  integrity sha512-1fygroTLlHu66zi26VoTDv8yRgm0Fccecssto+MhsZ0D/DGW2sm8E8AjW7NU5VVTRt5GxbeZ5qBuJr+HyLYkjQ==

picomatch@^2.0.4, picomatch@^2.2.1:
  version "2.3.1"
  resolved "https://registry.yarnpkg.com/picomatch/-/picomatch-2.3.1.tgz#3ba3833733646d9d3e4995946c1365a67fb07a42"
  integrity sha512-JU3teHTNjmE2VCGFzuY8EXzCDVwEqB2a8fsIvwaStHhAWJEeVd1o1QD80CU6+ZdEXXSLbSsuLwJjkCBWqRQUVA==

postcss@^8.4.21:
  version "8.4.21"
  resolved "https://registry.yarnpkg.com/postcss/-/postcss-8.4.21.tgz#c639b719a57efc3187b13a1d765675485f4134f4"
  integrity sha512-tP7u/Sn/dVxK2NnruI4H9BG+x+Wxz6oeZ1cJ8P6G/PZY0IKk4k/63TDsQf2kQq3+qoJeLm2kIBUNlZe3zgb4Zg==
  dependencies:
    nanoid "^3.3.4"
    picocolors "^1.0.0"
    source-map-js "^1.0.2"

prop-types@^15.5.10, prop-types@^15.5.7, prop-types@^15.6.0, prop-types@^15.6.2, prop-types@^15.7.2:
  version "15.8.1"
  resolved "https://registry.yarnpkg.com/prop-types/-/prop-types-15.8.1.tgz#67d87bf1a694f48435cf332c24af10214a3140b5"
  integrity sha512-oj87CgZICdulUohogVAR7AjlC0327U4el4L6eAvOqCeudMDVU0NThNaV+b9Df4dXgSP1gXMTnPdhfe/2qDH5cg==
  dependencies:
    loose-envify "^1.4.0"
    object-assign "^4.1.1"
    react-is "^16.13.1"

react-dom@^18.2.0:
  version "18.2.0"
  resolved "https://registry.yarnpkg.com/react-dom/-/react-dom-18.2.0.tgz#22aaf38708db2674ed9ada224ca4aa708d821e3d"
  integrity sha512-6IMTriUmvsjHUjNtEDudZfuDQUoWXVxKHhlEGSk81n4YFS+r/Kl99wXiwlVXtPBtJenozv2P+hxDsw9eA7Xo6g==
  dependencies:
    loose-envify "^1.1.0"
    scheduler "^0.23.0"

react-icons@^4.8.0:
  version "4.8.0"
  resolved "https://registry.yarnpkg.com/react-icons/-/react-icons-4.8.0.tgz#621e900caa23b912f737e41be57f27f6b2bff445"
  integrity sha512-N6+kOLcihDiAnj5Czu637waJqSnwlMNROzVZMhfX68V/9bu9qHaMIJC4UdozWoOk57gahFCNHwVvWzm0MTzRjg==

react-is@^16.13.1:
  version "16.13.1"
  resolved "https://registry.yarnpkg.com/react-is/-/react-is-16.13.1.tgz#789729a4dc36de2999dc156dd6c1d9c18cea56a4"
  integrity sha512-24e6ynE2H+OKt4kqsOvNd8kBpV65zoxbA4BVsEOB3ARVWQki/DHzaUoC5KuON/BiccDaCCTZBuOcfZs70kR8bQ==

react-use-measure@^2.0.4:
  version "2.1.1"
  resolved "https://registry.yarnpkg.com/react-use-measure/-/react-use-measure-2.1.1.tgz#5824537f4ee01c9469c45d5f7a8446177c6cc4ba"
  integrity sha512-nocZhN26cproIiIduswYpV5y5lQpSQS1y/4KuvUCjSKmw7ZWIS/+g3aFnX3WdBkyuGUtTLif3UTqnLLhbDoQig==
  dependencies:
    debounce "^1.2.1"

react@^18.2.0:
  version "18.2.0"
  resolved "https://registry.yarnpkg.com/react/-/react-18.2.0.tgz#555bd98592883255fa00de14f1151a917b5d77d5"
  integrity sha512-/3IjMdb2L9QbBdWiW5e3P2/npwMBaU9mHCSCUzNln0ZCYbcfTsGbTJrU/kGemdH2IWmB2ioZ+zkxtmq6g09fGQ==
  dependencies:
    loose-envify "^1.1.0"

readdirp@~3.6.0:
  version "3.6.0"
  resolved "https://registry.yarnpkg.com/readdirp/-/readdirp-3.6.0.tgz#74a370bd857116e245b29cc97340cd431a02a6c7"
  integrity sha512-hOS089on8RduqdbhvQ5Z37A0ESjsqz6qnRcffsMU3495FuTdqSm+7bhJ29JvIOsBDEEnan5DPu9t3To9VRlMzA==
  dependencies:
    picomatch "^2.2.1"

reduce-css-calc@^1.3.0:
  version "1.3.0"
  resolved "https://registry.yarnpkg.com/reduce-css-calc/-/reduce-css-calc-1.3.0.tgz#747c914e049614a4c9cfbba629871ad1d2927716"
  integrity sha512-0dVfwYVOlf/LBA2ec4OwQ6p3X9mYxn/wOl2xTcLwjnPYrkgEfPx3VI4eGCH3rQLlPISG5v9I9bkZosKsNRTRKA==
  dependencies:
    balanced-match "^0.4.2"
    math-expression-evaluator "^1.2.14"
    reduce-function-call "^1.0.1"

reduce-function-call@^1.0.1:
  version "1.0.3"
  resolved "https://registry.yarnpkg.com/reduce-function-call/-/reduce-function-call-1.0.3.tgz#60350f7fb252c0a67eb10fd4694d16909971300f"
  integrity sha512-Hl/tuV2VDgWgCSEeWMLwxLZqX7OK59eU1guxXsRKTAyeYimivsKdtcV4fu3r710tpG5GmDKDhQ0HSZLExnNmyQ==
  dependencies:
    balanced-match "^1.0.0"

resolve@^1.22.1:
  version "1.22.1"
  resolved "https://registry.yarnpkg.com/resolve/-/resolve-1.22.1.tgz#27cb2ebb53f91abb49470a928bba7558066ac177"
  integrity sha512-nBpuuYuY5jFsli/JIs1oldw6fOQCBioohqWZg/2hiaOybXOft4lonv85uDOKXdf8rhyK159cxU5cDcK/NKk8zw==
  dependencies:
    is-core-module "^2.9.0"
    path-parse "^1.0.7"
    supports-preserve-symlinks-flag "^1.0.0"

rollup@^3.10.0:
  version "3.19.1"
  resolved "https://registry.yarnpkg.com/rollup/-/rollup-3.19.1.tgz#2b3a31ac1ff9f3afab2e523fa687fef5b0ee20fc"
  integrity sha512-lAbrdN7neYCg/8WaoWn/ckzCtz+jr70GFfYdlf50OF7387HTg+wiuiqJRFYawwSPpqfqDNYqK7smY/ks2iAudg==
  optionalDependencies:
    fsevents "~2.3.2"

sass@^1.59.2:
  version "1.59.2"
  resolved "https://registry.yarnpkg.com/sass/-/sass-1.59.2.tgz#537f6d11614d4f20f97696f23ad358ee398b1937"
  integrity sha512-jJyO6SmbzkJexF8MUorHx5tAilcgabioYxT/BHbY4+OvoqmbHxsYlrjZ8Adhqcgl6Zqwie0TgMXLCAmPFxXOuw==
  dependencies:
    chokidar ">=3.0.0 <4.0.0"
    immutable "^4.0.0"
    source-map-js ">=0.6.2 <2.0.0"

scheduler@^0.23.0:
  version "0.23.0"
  resolved "https://registry.yarnpkg.com/scheduler/-/scheduler-0.23.0.tgz#ba8041afc3d30eb206a487b6b384002e4e61fdfe"
  integrity sha512-CtuThmgHNg7zIZWAXi3AsyIzA3n4xx7aNyjwC2VJldO2LMVDhFK+63xGqq6CsJH4rTAt6/M+N4GhZiDYPx9eUw==
  dependencies:
    loose-envify "^1.1.0"

"source-map-js@>=0.6.2 <2.0.0", source-map-js@^1.0.2:
  version "1.0.2"
  resolved "https://registry.yarnpkg.com/source-map-js/-/source-map-js-1.0.2.tgz#adbc361d9c62df380125e7f161f71c826f1e490c"
  integrity sha512-R0XvVJ9WusLiqTCEiGCmICCMplcCkIwwR11mOSD9CR5u+IXYdiseeEuXCVAjS54zqwkLcPNnmU4OeJ6tUrWhDw==

supports-preserve-symlinks-flag@^1.0.0:
  version "1.0.0"
  resolved "https://registry.yarnpkg.com/supports-preserve-symlinks-flag/-/supports-preserve-symlinks-flag-1.0.0.tgz#6eda4bd344a3c94aea376d4cc31bc77311039e09"
  integrity sha512-ot0WnXS9fgdkgIcePe6RHNk1WA8+muPa6cSjeR3V8K27q9BB1rTE3R1p7Hv0z1ZyAc8s6Vvv8DIyWf681MAt0w==

to-regex-range@^5.0.1:
  version "5.0.1"
  resolved "https://registry.yarnpkg.com/to-regex-range/-/to-regex-range-5.0.1.tgz#1648c44aae7c8d988a326018ed72f5b4dd0392e4"
  integrity sha512-65P7iz6X5yEr1cwcgvQxbbIw7Uk3gOy5dIdtZ4rDveLqhrdJP+Li/Hx6tyK0NEb+2GCyneCMJiGqrADCSNk8sQ==
  dependencies:
    is-number "^7.0.0"

typescript@^4.9.3:
  version "4.9.5"
  resolved "https://registry.yarnpkg.com/typescript/-/typescript-4.9.5.tgz#095979f9bcc0d09da324d58d03ce8f8374cbe65a"
  integrity sha512-1FXk9E2Hm+QzZQ7z+McJiHL4NW1F2EzMu9Nq9i3zAaGqibafqYwCVU6WyWAuyQRRzOlxou8xZSyXLEN8oKj24g==

vite@^4.1.0:
  version "4.1.4"
  resolved "https://registry.yarnpkg.com/vite/-/vite-4.1.4.tgz#170d93bcff97e0ebc09764c053eebe130bfe6ca0"
  integrity sha512-3knk/HsbSTKEin43zHu7jTwYWv81f8kgAL99G5NWBcA1LKvtvcVAC4JjBH1arBunO9kQka+1oGbrMKOjk4ZrBg==
  dependencies:
    esbuild "^0.16.14"
    postcss "^8.4.21"
    resolve "^1.22.1"
    rollup "^3.10.0"
  optionalDependencies:
    fsevents "~2.3.2"
